
Microsoft Visual Studio Solution File, Format Version 12.00
# Visual Studio 15
VisualStudioVersion = 15.0.28307.421
MinimumVisualStudioVersion = 10.0.40219.1
Project("{9A19103F-16F7-4668-BE54-9A1E7A4F7556}") = "eBooksApp", "eBooksApp\eBooksApp.csproj", "{4873CC06-B874-4136-BBEB-0A412EA8350D}"
EndProject
Project("{FAE04EC0-301F-11D3-BF4B-00C04F79EFBC}") = "CoreConsoleClient", "CoreConsoleClient\CoreConsoleClient.csproj", "{B265416F-560C-4986-944C-3F2B3C82A50C}"
EndProject
Global
	GlobalSection(SolutionConfigurationPlatforms) = preSolution
		Debug|Any CPU = Debug|Any CPU
		Release|Any CPU = Release|Any CPU
	EndGlobalSection
	GlobalSection(ProjectConfigurationPlatforms) = postSolution
		{4873CC06-B874-4136-BBEB-0A412EA8350D}.Debug|Any CPU.ActiveCfg = Debug|Any CPU
		{4873CC06-B874-4136-BBEB-0A412EA8350D}.Debug|Any CPU.Build.0 = Debug|Any CPU
		{4873CC06-B874-4136-BBEB-0A412EA8350D}.Release|Any CPU.ActiveCfg = Release|Any CPU
		{4873CC06-B874-4136-BBEB-0A412EA8350D}.Release|Any CPU.Build.0 = Release|Any CPU
		{B265416F-560C-4986-944C-3F2B3C82A50C}.Debug|Any CPU.ActiveCfg = Debug|Any CPU
		{B265416F-560C-4986-944C-3F2B3C82A50C}.Debug|Any CPU.Build.0 = Debug|Any CPU
		{B265416F-560C-4986-944C-3F2B3C82A50C}.Release|Any CPU.ActiveCfg = Release|Any CPU
		{B265416F-560C-4986-944C-3F2B3C82A50C}.Release|Any CPU.Build.0 = Release|Any CPU
	EndGlobalSection
	GlobalSection(SolutionProperties) = preSolution
		HideSolutionNode = FALSE
	EndGlobalSection
	GlobalSection(ExtensibilityGlobals) = postSolution
		SolutionGuid = {4A4DE393-9CA4-4E12-AA30-A1CA3D6DA818}
	EndGlobalSection
EndGlobal
